
Microsoft Visual Studio Solution File, Format Version 12.00
# Visual Studio Version 17
VisualStudioVersion = 17.0.31903.59
MinimumVisualStudioVersion = 10.0.40219.1
Project("{9A19103F-16F7-4668-BE54-9A1E7A4F7556}") = "Limbo.ApiAuthentication", "Limbo.ApiAuthentication\Limbo.ApiAuthentication.csproj", "{79985B19-FC41-42A6-B807-552C74720B43}"
EndProject
Project("{9A19103F-16F7-4668-BE54-9A1E7A4F7556}") = "Limbo.ApiAuthentication.Persistence", "Limbo.ApiAuthentication.Persistence\Limbo.ApiAuthentication.Persistence.csproj", "{885503E5-52B6-4632-A95F-B76C4C70204C}"
EndProject
Project("{2150E333-8FDC-42A3-9474-1A3956D46DE8}") = "Solution Items", "Solution Items", "{124CFF70-B5F2-480E-A445-F08548C99394}"
	ProjectSection(SolutionItems) = preProject
		.editorconfig = .editorconfig
	EndProjectSection
EndProject
Project("{FAE04EC0-301F-11D3-BF4B-00C04F79EFBC}") = "Limbo.ApiAuthentication.TestBase", "Limbo.ApiAuthentication.TestBase\Limbo.ApiAuthentication.TestBase.csproj", "{93833B5B-4F7A-4199-AD82-663122889954}"
EndProject
Global
	GlobalSection(SolutionConfigurationPlatforms) = preSolution
		Debug|Any CPU = Debug|Any CPU
		Release|Any CPU = Release|Any CPU
	EndGlobalSection
	GlobalSection(ProjectConfigurationPlatforms) = postSolution
		{79985B19-FC41-42A6-B807-552C74720B43}.Debug|Any CPU.ActiveCfg = Debug|Any CPU
		{79985B19-FC41-42A6-B807-552C74720B43}.Debug|Any CPU.Build.0 = Debug|Any CPU
		{79985B19-FC41-42A6-B807-552C74720B43}.Release|Any CPU.ActiveCfg = Release|Any CPU
		{79985B19-FC41-42A6-B807-552C74720B43}.Release|Any CPU.Build.0 = Release|Any CPU
		{885503E5-52B6-4632-A95F-B76C4C70204C}.Debug|Any CPU.ActiveCfg = Debug|Any CPU
		{885503E5-52B6-4632-A95F-B76C4C70204C}.Debug|Any CPU.Build.0 = Debug|Any CPU
		{885503E5-52B6-4632-A95F-B76C4C70204C}.Release|Any CPU.ActiveCfg = Release|Any CPU
		{885503E5-52B6-4632-A95F-B76C4C70204C}.Release|Any CPU.Build.0 = Release|Any CPU
		{93833B5B-4F7A-4199-AD82-663122889954}.Debug|Any CPU.ActiveCfg = Debug|Any CPU
		{93833B5B-4F7A-4199-AD82-663122889954}.Debug|Any CPU.Build.0 = Debug|Any CPU
		{93833B5B-4F7A-4199-AD82-663122889954}.Release|Any CPU.ActiveCfg = Release|Any CPU
		{93833B5B-4F7A-4199-AD82-663122889954}.Release|Any CPU.Build.0 = Release|Any CPU
	EndGlobalSection
	GlobalSection(SolutionProperties) = preSolution
		HideSolutionNode = FALSE
	EndGlobalSection
	GlobalSection(ExtensibilityGlobals) = postSolution
		SolutionGuid = {E292BA06-F191-4568-961F-2B8C8927DAAE}
	EndGlobalSection
EndGlobal
